
Microsoft Visual Studio Solution File, Format Version 11.00
# Visual Studio 2010
Project("{E24C65DC-7377-472B-9ABA-BC803B73C61A}") = "MasterPagesCS", "MasterPagesCS\", "{675417E8-8BA6-422A-A364-3B3905EA4F30}"
	ProjectSection(WebsiteProperties) = preProject
		TargetFrameworkMoniker = ".NETFramework,Version%3Dv4.0"
		Debug.AspNetCompiler.VirtualPath = "/MasterPagesCS"
		Debug.AspNetCompiler.PhysicalPath = "MasterPagesCS\"
		Debug.AspNetCompiler.TargetPath = "PrecompiledWeb\MasterPagesCS\"
		Debug.AspNetCompiler.Updateable = "true"
		Debug.AspNetCompiler.ForceOverwrite = "true"
		Debug.AspNetCompiler.FixedNames = "false"
		Debug.AspNetCompiler.Debug = "True"
		Release.AspNetCompiler.VirtualPath = "/MasterPagesCS"
		Release.AspNetCompiler.PhysicalPath = "MasterPagesCS\"
		Release.AspNetCompiler.TargetPath = "PrecompiledWeb\MasterPagesCS\"
		Release.AspNetCompiler.Updateable = "true"
		Release.AspNetCompiler.ForceOverwrite = "true"
		Release.AspNetCompiler.FixedNames = "false"
		Release.AspNetCompiler.Debug = "False"
		VWDPort = "51712"
		DefaultWebSiteLanguage = "Visual C#"
	EndProjectSection
EndProject
Global
	GlobalSection(SolutionConfigurationPlatforms) = preSolution
		Debug|Any CPU = Debug|Any CPU
	EndGlobalSection
	GlobalSection(ProjectConfigurationPlatforms) = postSolution
		{675417E8-8BA6-422A-A364-3B3905EA4F30}.Debug|Any CPU.ActiveCfg = Debug|Any CPU
		{675417E8-8BA6-422A-A364-3B3905EA4F30}.Debug|Any CPU.Build.0 = Debug|Any CPU
	EndGlobalSection
	GlobalSection(SolutionProperties) = preSolution
		HideSolutionNode = FALSE
	EndGlobalSection
EndGlobal
